<?xml version="1.0" encoding="UTF-8" standalone="yes" ?>
<CodeBlocks_project_file>
	<FileVersion major="1" minor="6" />
	<Project>
		<Option title="uncertent" />
		<Option pch_mode="2" />
		<Option compiler="gcc" />
		<Option virtualFolders="utils/;" />
		<Build>
			<Target title="Debug">
				<Option output="bin/Debug/uncertent" prefix_auto="1" extension_auto="1" />
				<Option object_output="obj/Debug/" />
				<Option type="1" />
				<Option compiler="gcc" />
				<Compiler>
					<Add option="-std=c++11" />
					<Add option="-g" />
					<Add directory="uWebSockets/src" />
					<Add directory="openssl/include" />
					<Add directory="zlibout/include" />
					<Add directory="../boost1.68out/include" />
					<Add directory="rapidjson/include" />
					<Add directory="curlsslout/include" />
					<Add directory="include" />
					<Add directory="exchange" />
					<Add directory="utils" />
					<Add directory="sqliteout/include" />
				</Compiler>
				<Linker>
					<Add library="ssl" />
					<Add library="crypto" />
					<Add library="z" />
					<Add library="uWS" />
					<Add library="pthread" />
					<Add library="curl" />
					<Add library="sqlite3" />
					<Add directory="zlibout/lib" />
					<Add directory="../boost1.68out/lib" />
					<Add directory="openssl/lib" />
					<Add directory="uWebSockets" />
					<Add directory="curlsslout/lib" />
					<Add directory="sqliteout/lib" />
				</Linker>
			</Target>
			<Target title="Release">
				<Option output="bin/Release/uncertent" prefix_auto="1" extension_auto="1" />
				<Option object_output="obj/Release/" />
				<Option type="1" />
				<Option compiler="gcc" />
				<Compiler>
					<Add option="-O2" />
					<Add option="-std=c++11" />
					<Add directory="uWebSockets/src" />
					<Add directory="openssl/include" />
					<Add directory="zlibout/include" />
					<Add directory="rapidjson/include" />
					<Add directory="curlsslout/include" />
					<Add directory="include" />
					<Add directory="exchange" />
					<Add directory="utils" />
				</Compiler>
				<Linker>
					<Add option="-s" />
					<Add library="ssl" />
					<Add library="crypto" />
					<Add library="z" />
					<Add library="uWS" />
					<Add library="pthread" />
					<Add library="curl" />
					<Add directory="zlibout/lib" />
					<Add directory="openssl/lib" />
					<Add directory="uWebSockets" />
					<Add directory="curlsslout/lib" />
				</Linker>
			</Target>
		</Build>
		<Compiler>
			<Add option="-Wall" />
			<Add option="-fexceptions" />
		</Compiler>
		<Unit filename="exchange/binance.cpp" />
		<Unit filename="exchange/binance.h" />
		<Unit filename="exchange/bitfinex.cpp" />
		<Unit filename="exchange/bitfinex.h" />
		<Unit filename="exchange/bitflyer.cpp" />
		<Unit filename="exchange/bitflyer.h" />
		<Unit filename="exchange/bithumb.cpp" />
		<Unit filename="exchange/bithumb.h" />
		<Unit filename="exchange/bitmex.cpp" />
		<Unit filename="exchange/bitmex.h" />
		<Unit filename="exchange/bittrex.cpp" />
		<Unit filename="exchange/bittrex.h" />
		<Unit filename="exchange/deribit.cpp" />
		<Unit filename="exchange/deribit.h" />
		<Unit filename="exchange/exchange.cpp" />
		<Unit filename="exchange/exchange.h" />
		<Unit filename="exchange/exg58coin.cpp" />
		<Unit filename="exchange/exg58coin.h" />
		<Unit filename="exchange/gateio.cpp" />
		<Unit filename="exchange/gateio.h" />
		<Unit filename="exchange/huobipro.cpp" />
		<Unit filename="exchange/huobipro.h" />
		<Unit filename="exchange/jex.cpp" />
		<Unit filename="exchange/jex.h" />
		<Unit filename="exchange/okex.cpp" />
		<Unit filename="exchange/okex.h" />
		<Unit filename="exchange/poloniex.cpp" />
		<Unit filename="exchange/poloniex.h" />
		<Unit filename="exchange/upbit.cpp" />
		<Unit filename="exchange/upbit.h" />
		<Unit filename="exchange/zb.cpp" />
		<Unit filename="exchange/zb.h" />
		<Unit filename="include/common.h" />
		<Unit filename="main.cpp" />
		<Unit filename="main/test.h" />
		<Unit filename="uWebSockets/src/Asio.h" />
		<Unit filename="uWebSockets/src/Backend.h" />
		<Unit filename="uWebSockets/src/Epoll.cpp" />
		<Unit filename="uWebSockets/src/Epoll.h" />
		<Unit filename="uWebSockets/src/Extensions.cpp" />
		<Unit filename="uWebSockets/src/Extensions.h" />
		<Unit filename="uWebSockets/src/Group.cpp" />
		<Unit filename="uWebSockets/src/Group.h" />
		<Unit filename="uWebSockets/src/HTTPSocket.cpp" />
		<Unit filename="uWebSockets/src/HTTPSocket.h" />
		<Unit filename="uWebSockets/src/Hub.cpp" />
		<Unit filename="uWebSockets/src/Hub.h" />
		<Unit filename="uWebSockets/src/Libuv.h" />
		<Unit filename="uWebSockets/src/Networking.cpp" />
		<Unit filename="uWebSockets/src/Networking.h" />
		<Unit filename="uWebSockets/src/Node.cpp" />
		<Unit filename="uWebSockets/src/Node.h" />
		<Unit filename="uWebSockets/src/Room.cpp" />
		<Unit filename="uWebSockets/src/Room.h" />
		<Unit filename="uWebSockets/src/Socket.cpp" />
		<Unit filename="uWebSockets/src/Socket.h" />
		<Unit filename="uWebSockets/src/WebSocket.cpp" />
		<Unit filename="uWebSockets/src/WebSocket.h" />
		<Unit filename="uWebSockets/src/WebSocketProtocol.h" />
		<Unit filename="uWebSockets/src/uWS.h" />
		<Unit filename="utils/codec.cpp" />
		<Unit filename="utils/codec.h" />
		<Unit filename="utils/httprequest.cpp" />
		<Unit filename="utils/httprequest.h" />
		<Unit filename="utils/misc.cpp" />
		<Unit filename="utils/misc.h" />
		<Unit filename="utils/trade.cpp" />
		<Unit filename="utils/trade.h" />
		<Extensions>
			<code_completion />
			<debugger />
			<envvars />
		</Extensions>
	</Project>
</CodeBlocks_project_file>
